
Microsoft Visual Studio Solution File, Format Version 12.00
# Visual Studio for Mac
Project("{FAE04EC0-301F-11D3-BF4B-00C04F79EFBC}") = "Piple", "Assembly-CSharp-firstpass.csproj", "{6F1A9FD4-128C-67D6-4545-66B4BA7FE4D3}"
EndProject
Project("{FAE04EC0-301F-11D3-BF4B-00C04F79EFBC}") = "Piple", "Assembly-CSharp.csproj", "{7A100B43-0CA5-4BAC-14B4-473F71F11E9F}"
EndProject
Project("{FAE04EC0-301F-11D3-BF4B-00C04F79EFBC}") = "Piple", "Assembly-CSharp-Editor-firstpass.csproj", "{29AC9F69-695D-2189-12D2-0033FBD9E85F}"
EndProject
Global
	GlobalSection(SolutionConfigurationPlatforms) = preSolution
		Debug|Any CPU = Debug|Any CPU
		Release|Any CPU = Release|Any CPU
	EndGlobalSection
	GlobalSection(ProjectConfigurationPlatforms) = postSolution
		{6F1A9FD4-128C-67D6-4545-66B4BA7FE4D3}.Debug|Any CPU.ActiveCfg = Debug|Any CPU
		{6F1A9FD4-128C-67D6-4545-66B4BA7FE4D3}.Debug|Any CPU.Build.0 = Debug|Any CPU
		{6F1A9FD4-128C-67D6-4545-66B4BA7FE4D3}.Release|Any CPU.ActiveCfg = Release|Any CPU
		{6F1A9FD4-128C-67D6-4545-66B4BA7FE4D3}.Release|Any CPU.Build.0 = Release|Any CPU
		{7A100B43-0CA5-4BAC-14B4-473F71F11E9F}.Debug|Any CPU.ActiveCfg = Debug|Any CPU
		{7A100B43-0CA5-4BAC-14B4-473F71F11E9F}.Debug|Any CPU.Build.0 = Debug|Any CPU
		{7A100B43-0CA5-4BAC-14B4-473F71F11E9F}.Release|Any CPU.ActiveCfg = Release|Any CPU
		{7A100B43-0CA5-4BAC-14B4-473F71F11E9F}.Release|Any CPU.Build.0 = Release|Any CPU
		{29AC9F69-695D-2189-12D2-0033FBD9E85F}.Debug|Any CPU.ActiveCfg = Debug|Any CPU
		{29AC9F69-695D-2189-12D2-0033FBD9E85F}.Debug|Any CPU.Build.0 = Debug|Any CPU
		{29AC9F69-695D-2189-12D2-0033FBD9E85F}.Release|Any CPU.ActiveCfg = Release|Any CPU
		{29AC9F69-695D-2189-12D2-0033FBD9E85F}.Release|Any CPU.Build.0 = Release|Any CPU
	EndGlobalSection
	GlobalSection(SolutionProperties) = preSolution
		HideSolutionNode = FALSE
	EndGlobalSection
EndGlobal
